// !$*UTF8*$!
{
	archiveVersion = 1;
	classes = {
	};
	objectVersion = 56;
	objects = {

/* Begin PBXBuildFile section */
		F05E89332B7108D700AD87A1 /* HlsTestApp.swift in Sources */ = {isa = PBXBuildFile; fileRef = F05E89322B7108D700AD87A1 /* HlsTestApp.swift */; };
		F05E89352B7108D700AD87A1 /* ContentView.swift in Sources */ = {isa = PBXBuildFile; fileRef = F05E89342B7108D700AD87A1 /* ContentView.swift */; };
		F05E89372B7108D800AD87A1 /* Assets.xcassets in Resources */ = {isa = PBXBuildFile; fileRef = F05E89362B7108D800AD87A1 /* Assets.xcassets */; };
		F05E893B2B7108D800AD87A1 /* Preview Assets.xcassets in Resources */ = {isa = PBXBuildFile; fileRef = F05E893A2B7108D800AD87A1 /* Preview Assets.xcassets */; };
		F05E89452B7108D800AD87A1 /* HlsTestTests.swift in Sources */ = {isa = PBXBuildFile; fileRef = F05E89442B7108D800AD87A1 /* HlsTestTests.swift */; };
		F05E894F2B7108D800AD87A1 /* HlsTestUITests.swift in Sources */ = {isa = PBXBuildFile; fileRef = F05E894E2B7108D800AD87A1 /* HlsTestUITests.swift */; };
		F05E89512B7108D800AD87A1 /* HlsTestUITestsLaunchTests.swift in Sources */ = {isa = PBXBuildFile; fileRef = F05E89502B7108D800AD87A1 /* HlsTestUITestsLaunchTests.swift */; };
		F05E895E2B7109B000AD87A1 /* VideoPlayerModel.swift in Sources */ = {isa = PBXBuildFile; fileRef = F05E895D2B7109B000AD87A1 /* VideoPlayerModel.swift */; };
/* End PBXBuildFile section */

/* Begin PBXContainerItemProxy section */
		F05E89412B7108D800AD87A1 /* PBXContainerItemProxy */ = {
			isa = PBXContainerItemProxy;
			containerPortal = F05E89272B7108D700AD87A1 /* Project object */;
			proxyType = 1;
			remoteGlobalIDString = F05E892E2B7108D700AD87A1;
			remoteInfo = HlsTest;
		};
		F05E894B2B7108D800AD87A1 /* PBXContainerItemProxy */ = {
			isa = PBXContainerItemProxy;
			containerPortal = F05E89272B7108D700AD87A1 /* Project object */;
			proxyType = 1;
			remoteGlobalIDString = F05E892E2B7108D700AD87A1;
			remoteInfo = HlsTest;
		};
/* End PBXContainerItemProxy section */

/* Begin PBXFileReference section */
		F05E892F2B7108D700AD87A1 /* HlsTest.app */ = {isa = PBXFileReference; explicitFileType = wrapper.application; includeInIndex = 0; path = HlsTest.app; sourceTree = BUILT_PRODUCTS_DIR; };
		F05E89322B7108D700AD87A1 /* HlsTestApp.swift */ = {isa = PBXFileReference; lastKnownFileType = sourcecode.swift; path = HlsTestApp.swift; sourceTree = "<group>"; };
		F05E89342B7108D700AD87A1 /* ContentView.swift */ = {isa = PBXFileReference; lastKnownFileType = sourcecode.swift; path = ContentView.swift; sourceTree = "<group>"; };
		F05E89362B7108D800AD87A1 /* Assets.xcassets */ = {isa = PBXFileReference; lastKnownFileType = folder.assetcatalog; path = Assets.xcassets; sourceTree = "<group>"; };
		F05E89382B7108D800AD87A1 /* HlsTest.entitlements */ = {isa = PBXFileReference; lastKnownFileType = text.plist.entitlements; path = HlsTest.entitlements; sourceTree = "<group>"; };
		F05E893A2B7108D800AD87A1 /* Preview Assets.xcassets */ = {isa = PBXFileReference; lastKnownFileType = folder.assetcatalog; path = "Preview Assets.xcassets"; sourceTree = "<group>"; };
		F05E89402B7108D800AD87A1 /* HlsTestTests.xctest */ = {isa = PBXFileReference; explicitFileType = wrapper.cfbundle; includeInIndex = 0; path = HlsTestTests.xctest; sourceTree = BUILT_PRODUCTS_DIR; };
		F05E89442B7108D800AD87A1 /* HlsTestTests.swift */ = {isa = PBXFileReference; lastKnownFileType = sourcecode.swift; path = HlsTestTests.swift; sourceTree = "<group>"; };
		F05E894A2B7108D800AD87A1 /* HlsTestUITests.xctest */ = {isa = PBXFileReference; explicitFileType = wrapper.cfbundle; includeInIndex = 0; path = HlsTestUITests.xctest; sourceTree = BUILT_PRODUCTS_DIR; };
		F05E894E2B7108D800AD87A1 /* HlsTestUITests.swift */ = {isa = PBXFileReference; lastKnownFileType = sourcecode.swift; path = HlsTestUITests.swift; sourceTree = "<group>"; };
		F05E89502B7108D800AD87A1 /* HlsTestUITestsLaunchTests.swift */ = {isa = PBXFileReference; lastKnownFileType = sourcecode.swift; path = HlsTestUITestsLaunchTests.swift; sourceTree = "<group>"; };
		F05E895D2B7109B000AD87A1 /* VideoPlayerModel.swift */ = {isa = PBXFileReference; lastKnownFileType = sourcecode.swift; path = VideoPlayerModel.swift; sourceTree = "<group>"; };
/* End PBXFileReference section */

/* Begin PBXFrameworksBuildPhase section */
		F05E892C2B7108D700AD87A1 /* Frameworks */ = {
			isa = PBXFrameworksBuildPhase;
			buildActionMask = 2147483647;
			files = (
			);
			runOnlyForDeploymentPostprocessing = 0;
		};
		F05E893D2B7108D800AD87A1 /* Frameworks */ = {
			isa = PBXFrameworksBuildPhase;
			buildActionMask = 2147483647;
			files = (
			);
			runOnlyForDeploymentPostprocessing = 0;
		};
		F05E89472B7108D800AD87A1 /* Frameworks */ = {
			isa = PBXFrameworksBuildPhase;
			buildActionMask = 2147483647;
			files = (
			);
			runOnlyForDeploymentPostprocessing = 0;
		};
/* End PBXFrameworksBuildPhase section */

/* Begin PBXGroup section */
		F05E89262B7108D700AD87A1 = {
			isa = PBXGroup;
			children = (
				F05E89312B7108D700AD87A1 /* HlsTest */,
				F05E89432B7108D800AD87A1 /* HlsTestTests */,
				F05E894D2B7108D800AD87A1 /* HlsTestUITests */,
				F05E89302B7108D700AD87A1 /* Products */,
			);
			sourceTree = "<group>";
		};
		F05E89302B7108D700AD87A1 /* Products */ = {
			isa = PBXGroup;
			children = (
				F05E892F2B7108D700AD87A1 /* HlsTest.app */,
				F05E89402B7108D800AD87A1 /* HlsTestTests.xctest */,
				F05E894A2B7108D800AD87A1 /* HlsTestUITests.xctest */,
			);
			name = Products;
			sourceTree = "<group>";
		};
		F05E89312B7108D700AD87A1 /* HlsTest */ = {
			isa = PBXGroup;
			children = (
				F05E89322B7108D700AD87A1 /* HlsTestApp.swift */,
				F05E895D2B7109B000AD87A1 /* VideoPlayerModel.swift */,
				F05E89342B7108D700AD87A1 /* ContentView.swift */,
				F05E89362B7108D800AD87A1 /* Assets.xcassets */,
				F05E89382B7108D800AD87A1 /* HlsTest.entitlements */,
				F05E89392B7108D800AD87A1 /* Preview Content */,
			);
			path = HlsTest;
			sourceTree = "<group>";
		};
		F05E89392B7108D800AD87A1 /* Preview Content */ = {
			isa = PBXGroup;
			children = (
				F05E893A2B7108D800AD87A1 /* Preview Assets.xcassets */,
			);
			path = "Preview Content";
			sourceTree = "<group>";
		};
		F05E89432B7108D800AD87A1 /* HlsTestTests */ = {
			isa = PBXGroup;
			children = (
				F05E89442B7108D800AD87A1 /* HlsTestTests.swift */,
			);
			path = HlsTestTests;
			sourceTree = "<group>";
		};
		F05E894D2B7108D800AD87A1 /* HlsTestUITests */ = {
			isa = PBXGroup;
			children = (
				F05E894E2B7108D800AD87A1 /* HlsTestUITests.swift */,
				F05E89502B7108D800AD87A1 /* HlsTestUITestsLaunchTests.swift */,
			);
			path = HlsTestUITests;
			sourceTree = "<group>";
		};
/* End PBXGroup section */

/* Begin PBXNativeTarget section */
		F05E892E2B7108D700AD87A1 /* HlsTest */ = {
			isa = PBXNativeTarget;
			buildConfigurationList = F05E89542B7108D800AD87A1 /* Build configuration list for PBXNativeTarget "HlsTest" */;
			buildPhases = (
				F05E892B2B7108D700AD87A1 /* Sources */,
				F05E892C2B7108D700AD87A1 /* Frameworks */,
				F05E892D2B7108D700AD87A1 /* Resources */,
			);
			buildRules = (
			);
			dependencies = (
			);
			name = HlsTest;
			productName = HlsTest;
			productReference = F05E892F2B7108D700AD87A1 /* HlsTest.app */;
			productType = "com.apple.product-type.application";
		};
		F05E893F2B7108D800AD87A1 /* HlsTestTests */ = {
			isa = PBXNativeTarget;
			buildConfigurationList = F05E89572B7108D800AD87A1 /* Build configuration list for PBXNativeTarget "HlsTestTests" */;
			buildPhases = (
				F05E893C2B7108D800AD87A1 /* Sources */,
				F05E893D2B7108D800AD87A1 /* Frameworks */,
				F05E893E2B7108D800AD87A1 /* Resources */,
			);
			buildRules = (
			);
			dependencies = (
				F05E89422B7108D800AD87A1 /* PBXTargetDependency */,
			);
			name = HlsTestTests;
			productName = HlsTestTests;
			productReference = F05E89402B7108D800AD87A1 /* HlsTestTests.xctest */;
			productType = "com.apple.product-type.bundle.unit-test";
		};
		F05E89492B7108D800AD87A1 /* HlsTestUITests */ = {
			isa = PBXNativeTarget;
			buildConfigurationList = F05E895A2B7108D800AD87A1 /* Build configuration list for PBXNativeTarget "HlsTestUITests" */;
			buildPhases = (
				F05E89462B7108D800AD87A1 /* Sources */,
				F05E89472B7108D800AD87A1 /* Frameworks */,
				F05E89482B7108D800AD87A1 /* Resources */,
			);
			buildRules = (
			);
			dependencies = (
				F05E894C2B7108D800AD87A1 /* PBXTargetDependency */,
			);
			name = HlsTestUITests;
			productName = HlsTestUITests;
			productReference = F05E894A2B7108D800AD87A1 /* HlsTestUITests.xctest */;
			productType = "com.apple.product-type.bundle.ui-testing";
		};
/* End PBXNativeTarget section */

/* Begin PBXProject section */
		F05E89272B7108D700AD87A1 /* Project object */ = {
			isa = PBXProject;
			attributes = {
				BuildIndependentTargetsInParallel = 1;
				LastSwiftUpdateCheck = 1510;
				LastUpgradeCheck = 1510;
				TargetAttributes = {
					F05E892E2B7108D700AD87A1 = {
						CreatedOnToolsVersion = 15.1;
					};
					F05E893F2B7108D800AD87A1 = {
						CreatedOnToolsVersion = 15.1;
						TestTargetID = F05E892E2B7108D700AD87A1;
					};
					F05E89492B7108D800AD87A1 = {
						CreatedOnToolsVersion = 15.1;
						TestTargetID = F05E892E2B7108D700AD87A1;
					};
				};
			};
			buildConfigurationList = F05E892A2B7108D700AD87A1 /* Build configuration list for PBXProject "HlsTest" */;
			compatibilityVersion = "Xcode 14.0";
			developmentRegion = en;
			hasScannedForEncodings = 0;
			knownRegions = (
				en,
				Base,
			);
			mainGroup = F05E89262B7108D700AD87A1;
			productRefGroup = F05E89302B7108D700AD87A1 /* Products */;
			projectDirPath = "";
			projectRoot = "";
			targets = (
				F05E892E2B7108D700AD87A1 /* HlsTest */,
				F05E893F2B7108D800AD87A1 /* HlsTestTests */,
				F05E89492B7108D800AD87A1 /* HlsTestUITests */,
			);
		};
/* End PBXProject section */

/* Begin PBXResourcesBuildPhase section */
		F05E892D2B7108D700AD87A1 /* Resources */ = {
			isa = PBXResourcesBuildPhase;
			buildActionMask = 2147483647;
			files = (
				F05E893B2B7108D800AD87A1 /* Preview Assets.xcassets in Resources */,
				F05E89372B7108D800AD87A1 /* Assets.xcassets in Resources */,
			);
			runOnlyForDeploymentPostprocessing = 0;
		};
		F05E893E2B7108D800AD87A1 /* Resources */ = {
			isa = PBXResourcesBuildPhase;
			buildActionMask = 2147483647;
			files = (
			);
			runOnlyForDeploymentPostprocessing = 0;
		};
		F05E89482B7108D800AD87A1 /* Resources */ = {
			isa = PBXResourcesBuildPhase;
			buildActionMask = 2147483647;
			files = (
			);
			runOnlyForDeploymentPostprocessing = 0;
		};
/* End PBXResourcesBuildPhase section */

/* Begin PBXSourcesBuildPhase section */
		F05E892B2B7108D700AD87A1 /* Sources */ = {
			isa = PBXSourcesBuildPhase;
			buildActionMask = 2147483647;
			files = (
				F05E89352B7108D700AD87A1 /* ContentView.swift in Sources */,
				F05E89332B7108D700AD87A1 /* HlsTestApp.swift in Sources */,
				F05E895E2B7109B000AD87A1 /* VideoPlayerModel.swift in Sources */,
			);
			runOnlyForDeploymentPostprocessing = 0;
		};
		F05E893C2B7108D800AD87A1 /* Sources */ = {
			isa = PBXSourcesBuildPhase;
			buildActionMask = 2147483647;
			files = (
				F05E89452B7108D800AD87A1 /* HlsTestTests.swift in Sources */,
			);
			runOnlyForDeploymentPostprocessing = 0;
		};
		F05E89462B7108D800AD87A1 /* Sources */ = {
			isa = PBXSourcesBuildPhase;
			buildActionMask = 2147483647;
			files = (
				F05E89512B7108D800AD87A1 /* HlsTestUITestsLaunchTests.swift in Sources */,
				F05E894F2B7108D800AD87A1 /* HlsTestUITests.swift in Sources */,
			);
			runOnlyForDeploymentPostprocessing = 0;
		};
/* End PBXSourcesBuildPhase section */

/* Begin PBXTargetDependency section */
		F05E89422B7108D800AD87A1 /* PBXTargetDependency */ = {
			isa = PBXTargetDependency;
			target = F05E892E2B7108D700AD87A1 /* HlsTest */;
			targetProxy = F05E89412B7108D800AD87A1 /* PBXContainerItemProxy */;
		};
		F05E894C2B7108D800AD87A1 /* PBXTargetDependency */ = {
			isa = PBXTargetDependency;
			target = F05E892E2B7108D700AD87A1 /* HlsTest */;
			targetProxy = F05E894B2B7108D800AD87A1 /* PBXContainerItemProxy */;
		};
/* End PBXTargetDependency section */

/* Begin XCBuildConfiguration section */
		F05E89522B7108D800AD87A1 /* Debug */ = {
			isa = XCBuildConfiguration;
			buildSettings = {
				ALWAYS_SEARCH_USER_PATHS = NO;
				ASSETCATALOG_COMPILER_GENERATE_SWIFT_ASSET_SYMBOL_EXTENSIONS = YES;
				CLANG_ANALYZER_NONNULL = YES;
				CLANG_ANALYZER_NUMBER_OBJECT_CONVERSION = YES_AGGRESSIVE;
				CLANG_CXX_LANGUAGE_STANDARD = "gnu++20";
				CLANG_ENABLE_MODULES = YES;
				CLANG_ENABLE_OBJC_ARC = YES;
				CLANG_ENABLE_OBJC_WEAK = YES;
				CLANG_WARN_BLOCK_CAPTURE_AUTORELEASING = YES;
				CLANG_WARN_BOOL_CONVERSION = YES;
				CLANG_WARN_COMMA = YES;
				CLANG_WARN_CONSTANT_CONVERSION = YES;
				CLANG_WARN_DEPRECATED_OBJC_IMPLEMENTATIONS = YES;
				CLANG_WARN_DIRECT_OBJC_ISA_USAGE = YES_ERROR;
				CLANG_WARN_DOCUMENTATION_COMMENTS = YES;
				CLANG_WARN_EMPTY_BODY = YES;
				CLANG_WARN_ENUM_CONVERSION = YES;
				CLANG_WARN_INFINITE_RECURSION = YES;
				CLANG_WARN_INT_CONVERSION = YES;
				CLANG_WARN_NON_LITERAL_NULL_CONVERSION = YES;
				CLANG_WARN_OBJC_IMPLICIT_RETAIN_SELF = YES;
				CLANG_WARN_OBJC_LITERAL_CONVERSION = YES;
				CLANG_WARN_OBJC_ROOT_CLASS = YES_ERROR;
				CLANG_WARN_QUOTED_INCLUDE_IN_FRAMEWORK_HEADER = YES;
				CLANG_WARN_RANGE_LOOP_ANALYSIS = YES;
				CLANG_WARN_STRICT_PROTOTYPES = YES;
				CLANG_WARN_SUSPICIOUS_MOVE = YES;
				CLANG_WARN_UNGUARDED_AVAILABILITY = YES_AGGRESSIVE;
				CLANG_WARN_UNREACHABLE_CODE = YES;
				CLANG_WARN__DUPLICATE_METHOD_MATCH = YES;
				COPY_PHASE_STRIP = NO;
				DEBUG_INFORMATION_FORMAT = dwarf;
				ENABLE_STRICT_OBJC_MSGSEND = YES;
				ENABLE_TESTABILITY = YES;
				ENABLE_USER_SCRIPT_SANDBOXING = YES;
				GCC_C_LANGUAGE_STANDARD = gnu17;
				GCC_DYNAMIC_NO_PIC = NO;
				GCC_NO_COMMON_BLOCKS = YES;
				GCC_OPTIMIZATION_LEVEL = 0;
				GCC_PREPROCESSOR_DEFINITIONS = (
					"DEBUG=1",
					"$(inherited)",
				);
				GCC_WARN_64_TO_32_BIT_CONVERSION = YES;
				GCC_WARN_ABOUT_RETURN_TYPE = YES_ERROR;
				GCC_WARN_UNDECLARED_SELECTOR = YES;
				GCC_WARN_UNINITIALIZED_AUTOS = YES_AGGRESSIVE;
				GCC_WARN_UNUSED_FUNCTION = YES;
				GCC_WARN_UNUSED_VARIABLE = YES;
				LOCALIZATION_PREFERS_STRING_CATALOGS = YES;
				MTL_ENABLE_DEBUG_INFO = INCLUDE_SOURCE;
				MTL_FAST_MATH = YES;
				ONLY_ACTIVE_ARCH = YES;
				SWIFT_ACTIVE_COMPILATION_CONDITIONS = "DEBUG $(inherited)";
				SWIFT_OPTIMIZATION_LEVEL = "-Onone";
			};
			name = Debug;
		};
		F05E89532B7108D800AD87A1 /* Release */ = {
			isa = XCBuildConfiguration;
			buildSettings = {
				ALWAYS_SEARCH_USER_PATHS = NO;
				ASSETCATALOG_COMPILER_GENERATE_SWIFT_ASSET_SYMBOL_EXTENSIONS = YES;
				CLANG_ANALYZER_NONNULL = YES;
				CLANG_ANALYZER_NUMBER_OBJECT_CONVERSION = YES_AGGRESSIVE;
				CLANG_CXX_LANGUAGE_STANDARD = "gnu++20";
				CLANG_ENABLE_MODULES = YES;
				CLANG_ENABLE_OBJC_ARC = YES;
				CLANG_ENABLE_OBJC_WEAK = YES;
				CLANG_WARN_BLOCK_CAPTURE_AUTORELEASING = YES;
				CLANG_WARN_BOOL_CONVERSION = YES;
				CLANG_WARN_COMMA = YES;
				CLANG_WARN_CONSTANT_CONVERSION = YES;
				CLANG_WARN_DEPRECATED_OBJC_IMPLEMENTATIONS = YES;
				CLANG_WARN_DIRECT_OBJC_ISA_USAGE = YES_ERROR;
				CLANG_WARN_DOCUMENTATION_COMMENTS = YES;
				CLANG_WARN_EMPTY_BODY = YES;
				CLANG_WARN_ENUM_CONVERSION = YES;
				CLANG_WARN_INFINITE_RECURSION = YES;
				CLANG_WARN_INT_CONVERSION = YES;
				CLANG_WARN_NON_LITERAL_NULL_CONVERSION = YES;
				CLANG_WARN_OBJC_IMPLICIT_RETAIN_SELF = YES;
				CLANG_WARN_OBJC_LITERAL_CONVERSION = YES;
				CLANG_WARN_OBJC_ROOT_CLASS = YES_ERROR;
				CLANG_WARN_QUOTED_INCLUDE_IN_FRAMEWORK_HEADER = YES;
				CLANG_WARN_RANGE_LOOP_ANALYSIS = YES;
				CLANG_WARN_STRICT_PROTOTYPES = YES;
				CLANG_WARN_SUSPICIOUS_MOVE = YES;
				CLANG_WARN_UNGUARDED_AVAILABILITY = YES_AGGRESSIVE;
				CLANG_WARN_UNREACHABLE_CODE = YES;
				CLANG_WARN__DUPLICATE_METHOD_MATCH = YES;
				COPY_PHASE_STRIP = NO;
				DEBUG_INFORMATION_FORMAT = "dwarf-with-dsym";
				ENABLE_NS_ASSERTIONS = NO;
				ENABLE_STRICT_OBJC_MSGSEND = YES;
				ENABLE_USER_SCRIPT_SANDBOXING = YES;
				GCC_C_LANGUAGE_STANDARD = gnu17;
				GCC_NO_COMMON_BLOCKS = YES;
				GCC_WARN_64_TO_32_BIT_CONVERSION = YES;
				GCC_WARN_ABOUT_RETURN_TYPE = YES_ERROR;
				GCC_WARN_UNDECLARED_SELECTOR = YES;
				GCC_WARN_UNINITIALIZED_AUTOS = YES_AGGRESSIVE;
				GCC_WARN_UNUSED_FUNCTION = YES;
				GCC_WARN_UNUSED_VARIABLE = YES;
				LOCALIZATION_PREFERS_STRING_CATALOGS = YES;
				MTL_ENABLE_DEBUG_INFO = NO;
				MTL_FAST_MATH = YES;
				SWIFT_COMPILATION_MODE = wholemodule;
			};
			name = Release;
		};
		F05E89552B7108D800AD87A1 /* Debug */ = {
			isa = XCBuildConfiguration;
			buildSettings = {
				ASSETCATALOG_COMPILER_APPICON_NAME = AppIcon;
				ASSETCATALOG_COMPILER_GLOBAL_ACCENT_COLOR_NAME = AccentColor;
				CODE_SIGN_ENTITLEMENTS = HlsTest/HlsTest.entitlements;
				CODE_SIGN_STYLE = Automatic;
				CURRENT_PROJECT_VERSION = 1;
				DEVELOPMENT_ASSET_PATHS = "\"HlsTest/Preview Content\"";
				DEVELOPMENT_TEAM = "";
				ENABLE_PREVIEWS = YES;
				GENERATE_INFOPLIST_FILE = YES;
				"INFOPLIST_KEY_UIApplicationSceneManifest_Generation[sdk=iphoneos*]" = YES;
				"INFOPLIST_KEY_UIApplicationSceneManifest_Generation[sdk=iphonesimulator*]" = YES;
				"INFOPLIST_KEY_UIApplicationSupportsIndirectInputEvents[sdk=iphoneos*]" = YES;
				"INFOPLIST_KEY_UIApplicationSupportsIndirectInputEvents[sdk=iphonesimulator*]" = YES;
				"INFOPLIST_KEY_UILaunchScreen_Generation[sdk=iphoneos*]" = YES;
				"INFOPLIST_KEY_UILaunchScreen_Generation[sdk=iphonesimulator*]" = YES;
				"INFOPLIST_KEY_UIStatusBarStyle[sdk=iphoneos*]" = UIStatusBarStyleDefault;
				"INFOPLIST_KEY_UIStatusBarStyle[sdk=iphonesimulator*]" = UIStatusBarStyleDefault;
				INFOPLIST_KEY_UISupportedInterfaceOrientations_iPad = "UIInterfaceOrientationPortrait UIInterfaceOrientationPortraitUpsideDown UIInterfaceOrientationLandscapeLeft UIInterfaceOrientationLandscapeRight";
				INFOPLIST_KEY_UISupportedInterfaceOrientations_iPhone = "UIInterfaceOrientationPortrait UIInterfaceOrientationLandscapeLeft UIInterfaceOrientationLandscapeRight";
				IPHONEOS_DEPLOYMENT_TARGET = 17.2;
				LD_RUNPATH_SEARCH_PATHS = "@executable_path/Frameworks";
				"LD_RUNPATH_SEARCH_PATHS[sdk=macosx*]" = "@executable_path/../Frameworks";
				MACOSX_DEPLOYMENT_TARGET = 14.0;
				MARKETING_VERSION = 1.0;
				PRODUCT_BUNDLE_IDENTIFIER = test.odaki.HlsTest;
				PRODUCT_NAME = "$(TARGET_NAME)";
				SDKROOT = auto;
				SUPPORTED_PLATFORMS = "iphoneos iphonesimulator macosx";
				SWIFT_EMIT_LOC_STRINGS = YES;
				SWIFT_VERSION = 5.0;
				TARGETED_DEVICE_FAMILY = "1,2";
			};
			name = Debug;
		};
		F05E89562B7108D800AD87A1 /* Release */ = {
			isa = XCBuildConfiguration;
			buildSettings = {
				ASSETCATALOG_COMPILER_APPICON_NAME = AppIcon;
				ASSETCATALOG_COMPILER_GLOBAL_ACCENT_COLOR_NAME = AccentColor;
				CODE_SIGN_ENTITLEMENTS = HlsTest/HlsTest.entitlements;
				CODE_SIGN_STYLE = Automatic;
				CURRENT_PROJECT_VERSION = 1;
				DEVELOPMENT_ASSET_PATHS = "\"HlsTest/Preview Content\"";
				DEVELOPMENT_TEAM = "";
				ENABLE_PREVIEWS = YES;
				GENERATE_INFOPLIST_FILE = YES;
				"INFOPLIST_KEY_UIApplicationSceneManifest_Generation[sdk=iphoneos*]" = YES;
				"INFOPLIST_KEY_UIApplicationSceneManifest_Generation[sdk=iphonesimulator*]" = YES;
				"INFOPLIST_KEY_UIApplicationSupportsIndirectInputEvents[sdk=iphoneos*]" = YES;
				"INFOPLIST_KEY_UIApplicationSupportsIndirectInputEvents[sdk=iphonesimulator*]" = YES;
				"INFOPLIST_KEY_UILaunchScreen_Generation[sdk=iphoneos*]" = YES;
				"INFOPLIST_KEY_UILaunchScreen_Generation[sdk=iphonesimulator*]" = YES;
				"INFOPLIST_KEY_UIStatusBarStyle[sdk=iphoneos*]" = UIStatusBarStyleDefault;
				"INFOPLIST_KEY_UIStatusBarStyle[sdk=iphonesimulator*]" = UIStatusBarStyleDefault;
				INFOPLIST_KEY_UISupportedInterfaceOrientations_iPad = "UIInterfaceOrientationPortrait UIInterfaceOrientationPortraitUpsideDown UIInterfaceOrientationLandscapeLeft UIInterfaceOrientationLandscapeRight";
				INFOPLIST_KEY_UISupportedInterfaceOrientations_iPhone = "UIInterfaceOrientationPortrait UIInterfaceOrientationLandscapeLeft UIInterfaceOrientationLandscapeRight";
				IPHONEOS_DEPLOYMENT_TARGET = 17.2;
				LD_RUNPATH_SEARCH_PATHS = "@executable_path/Frameworks";
				"LD_RUNPATH_SEARCH_PATHS[sdk=macosx*]" = "@executable_path/../Frameworks";
				MACOSX_DEPLOYMENT_TARGET = 14.0;
				MARKETING_VERSION = 1.0;
				PRODUCT_BUNDLE_IDENTIFIER = test.odaki.HlsTest;
				PRODUCT_NAME = "$(TARGET_NAME)";
				SDKROOT = auto;
				SUPPORTED_PLATFORMS = "iphoneos iphonesimulator macosx";
				SWIFT_EMIT_LOC_STRINGS = YES;
				SWIFT_VERSION = 5.0;
				TARGETED_DEVICE_FAMILY = "1,2";
			};
			name = Release;
		};
		F05E89582B7108D800AD87A1 /* Debug */ = {
			isa = XCBuildConfiguration;
			buildSettings = {
				ALWAYS_EMBED_SWIFT_STANDARD_LIBRARIES = YES;
				BUNDLE_LOADER = "$(TEST_HOST)";
				CODE_SIGN_STYLE = Automatic;
				CURRENT_PROJECT_VERSION = 1;
				GENERATE_INFOPLIST_FILE = YES;
				IPHONEOS_DEPLOYMENT_TARGET = 17.2;
				MACOSX_DEPLOYMENT_TARGET = 14.0;
				MARKETING_VERSION = 1.0;
				PRODUCT_BUNDLE_IDENTIFIER = test.odaki.HlsTestTests;
				PRODUCT_NAME = "$(TARGET_NAME)";
				SDKROOT = auto;
				SUPPORTED_PLATFORMS = "iphoneos iphonesimulator macosx";
				SWIFT_EMIT_LOC_STRINGS = NO;
				SWIFT_VERSION = 5.0;
				TARGETED_DEVICE_FAMILY = "1,2";
				TEST_HOST = "$(BUILT_PRODUCTS_DIR)/HlsTest.app/$(BUNDLE_EXECUTABLE_FOLDER_PATH)/HlsTest";
			};
			name = Debug;
		};
		F05E89592B7108D800AD87A1 /* Release */ = {
			isa = XCBuildConfiguration;
			buildSettings = {
				ALWAYS_EMBED_SWIFT_STANDARD_LIBRARIES = YES;
				BUNDLE_LOADER = "$(TEST_HOST)";
				CODE_SIGN_STYLE = Automatic;
				CURRENT_PROJECT_VERSION = 1;
				GENERATE_INFOPLIST_FILE = YES;
				IPHONEOS_DEPLOYMENT_TARGET = 17.2;
				MACOSX_DEPLOYMENT_TARGET = 14.0;
				MARKETING_VERSION = 1.0;
				PRODUCT_BUNDLE_IDENTIFIER = test.odaki.HlsTestTests;
				PRODUCT_NAME = "$(TARGET_NAME)";
				SDKROOT = auto;
				SUPPORTED_PLATFORMS = "iphoneos iphonesimulator macosx";
				SWIFT_EMIT_LOC_STRINGS = NO;
				SWIFT_VERSION = 5.0;
				TARGETED_DEVICE_FAMILY = "1,2";
				TEST_HOST = "$(BUILT_PRODUCTS_DIR)/HlsTest.app/$(BUNDLE_EXECUTABLE_FOLDER_PATH)/HlsTest";
			};
			name = Release;
		};
		F05E895B2B7108D800AD87A1 /* Debug */ = {
			isa = XCBuildConfiguration;
			buildSettings = {
				ALWAYS_EMBED_SWIFT_STANDARD_LIBRARIES = YES;
				CODE_SIGN_STYLE = Automatic;
				CURRENT_PROJECT_VERSION = 1;
				GENERATE_INFOPLIST_FILE = YES;
				IPHONEOS_DEPLOYMENT_TARGET = 17.2;
				MACOSX_DEPLOYMENT_TARGET = 14.0;
				MARKETING_VERSION = 1.0;
				PRODUCT_BUNDLE_IDENTIFIER = test.odaki.HlsTestUITests;
				PRODUCT_NAME = "$(TARGET_NAME)";
				SDKROOT = auto;
				SUPPORTED_PLATFORMS = "iphoneos iphonesimulator macosx";
				SWIFT_EMIT_LOC_STRINGS = NO;
				SWIFT_VERSION = 5.0;
				TARGETED_DEVICE_FAMILY = "1,2";
				TEST_TARGET_NAME = HlsTest;
			};
			name = Debug;
		};
		F05E895C2B7108D800AD87A1 /* Release */ = {
			isa = XCBuildConfiguration;
			buildSettings = {
				ALWAYS_EMBED_SWIFT_STANDARD_LIBRARIES = YES;
				CODE_SIGN_STYLE = Automatic;
				CURRENT_PROJECT_VERSION = 1;
				GENERATE_INFOPLIST_FILE = YES;
				IPHONEOS_DEPLOYMENT_TARGET = 17.2;
				MACOSX_DEPLOYMENT_TARGET = 14.0;
				MARKETING_VERSION = 1.0;
				PRODUCT_BUNDLE_IDENTIFIER = test.odaki.HlsTestUITests;
				PRODUCT_NAME = "$(TARGET_NAME)";
				SDKROOT = auto;
				SUPPORTED_PLATFORMS = "iphoneos iphonesimulator macosx";
				SWIFT_EMIT_LOC_STRINGS = NO;
				SWIFT_VERSION = 5.0;
				TARGETED_DEVICE_FAMILY = "1,2";
				TEST_TARGET_NAME = HlsTest;
			};
			name = Release;
		};
/* End XCBuildConfiguration section */

/* Begin XCConfigurationList section */
		F05E892A2B7108D700AD87A1 /* Build configuration list for PBXProject "HlsTest" */ = {
			isa = XCConfigurationList;
			buildConfigurations = (
				F05E89522B7108D800AD87A1 /* Debug */,
				F05E89532B7108D800AD87A1 /* Release */,
			);
			defaultConfigurationIsVisible = 0;
			defaultConfigurationName = Release;
		};
		F05E89542B7108D800AD87A1 /* Build configuration list for PBXNativeTarget "HlsTest" */ = {
			isa = XCConfigurationList;
			buildConfigurations = (
				F05E89552B7108D800AD87A1 /* Debug */,
				F05E89562B7108D800AD87A1 /* Release */,
			);
			defaultConfigurationIsVisible = 0;
			defaultConfigurationName = Release;
		};
		F05E89572B7108D800AD87A1 /* Build configuration list for PBXNativeTarget "HlsTestTests" */ = {
			isa = XCConfigurationList;
			buildConfigurations = (
				F05E89582B7108D800AD87A1 /* Debug */,
				F05E89592B7108D800AD87A1 /* Release */,
			);
			defaultConfigurationIsVisible = 0;
			defaultConfigurationName = Release;
		};
		F05E895A2B7108D800AD87A1 /* Build configuration list for PBXNativeTarget "HlsTestUITests" */ = {
			isa = XCConfigurationList;
			buildConfigurations = (
				F05E895B2B7108D800AD87A1 /* Debug */,
				F05E895C2B7108D800AD87A1 /* Release */,
			);
			defaultConfigurationIsVisible = 0;
			defaultConfigurationName = Release;
		};
/* End XCConfigurationList section */
	};
	rootObject = F05E89272B7108D700AD87A1 /* Project object */;
}
